
Microsoft Visual Studio Solution File, Format Version 12.00
# Visual Studio Version 17
VisualStudioVersion = 17.7.34009.444
MinimumVisualStudioVersion = 10.0.40219.1
Project("{FAE04EC0-301F-11D3-BF4B-00C04F79EFBC}") = "StudentDataRetrive", "StudentDataRetrive\StudentDataRetrive.csproj", "{B766CD27-F212-42E5-B2FE-F4D7D3EEE84D}"
EndProject
Global
	GlobalSection(SolutionConfigurationPlatforms) = preSolution
		Debug|Any CPU = Debug|Any CPU
		Release|Any CPU = Release|Any CPU
	EndGlobalSection
	GlobalSection(ProjectConfigurationPlatforms) = postSolution
		{B766CD27-F212-42E5-B2FE-F4D7D3EEE84D}.Debug|Any CPU.ActiveCfg = Debug|Any CPU
		{B766CD27-F212-42E5-B2FE-F4D7D3EEE84D}.Debug|Any CPU.Build.0 = Debug|Any CPU
		{B766CD27-F212-42E5-B2FE-F4D7D3EEE84D}.Release|Any CPU.ActiveCfg = Release|Any CPU
		{B766CD27-F212-42E5-B2FE-F4D7D3EEE84D}.Release|Any CPU.Build.0 = Release|Any CPU
	EndGlobalSection
	GlobalSection(SolutionProperties) = preSolution
		HideSolutionNode = FALSE
	EndGlobalSection
	GlobalSection(ExtensibilityGlobals) = postSolution
		SolutionGuid = {EAB38CBF-2DE8-4626-B813-813E06FB4F3D}
	EndGlobalSection
EndGlobal
